
Microsoft Visual Studio Solution File, Format Version 12.00
# Visual Studio 15
VisualStudioVersion = 15.0.28010.2048
MinimumVisualStudioVersion = 10.0.40219.1
Project("{E24C65DC-7377-472B-9ABA-BC803B73C61A}") = "Co_Eco(1)", ".", "{8BFDD514-382E-4B5C-B1A4-6A7250AA5FAC}"
	ProjectSection(WebsiteProperties) = preProject
		TargetFrameworkMoniker = ".NETFramework,Version%3Dv4.6.1"
		Debug.AspNetCompiler.VirtualPath = "/localhost_51054"
		Debug.AspNetCompiler.PhysicalPath = "O:\Cegep\Session 5 Informatique\DeGuiWii\SiteWeb\Co_Eco\"
		Debug.AspNetCompiler.TargetPath = "PrecompiledWeb\localhost_51054\"
		Debug.AspNetCompiler.Updateable = "true"
		Debug.AspNetCompiler.ForceOverwrite = "true"
		Debug.AspNetCompiler.FixedNames = "false"
		Debug.AspNetCompiler.Debug = "True"
		Release.AspNetCompiler.VirtualPath = "/localhost_51054"
		Release.AspNetCompiler.PhysicalPath = "O:\Cegep\Session 5 Informatique\DeGuiWii\SiteWeb\Co_Eco\"
		Release.AspNetCompiler.TargetPath = "PrecompiledWeb\localhost_51054\"
		Release.AspNetCompiler.Updateable = "true"
		Release.AspNetCompiler.ForceOverwrite = "true"
		Release.AspNetCompiler.FixedNames = "false"
		Release.AspNetCompiler.Debug = "False"
		VWDPort = "51054"
	EndProjectSection
EndProject
Global
	GlobalSection(SolutionConfigurationPlatforms) = preSolution
		Debug|Any CPU = Debug|Any CPU
	EndGlobalSection
	GlobalSection(ProjectConfigurationPlatforms) = postSolution
		{8BFDD514-382E-4B5C-B1A4-6A7250AA5FAC}.Debug|Any CPU.ActiveCfg = Debug|Any CPU
		{8BFDD514-382E-4B5C-B1A4-6A7250AA5FAC}.Debug|Any CPU.Build.0 = Debug|Any CPU
	EndGlobalSection
	GlobalSection(SolutionProperties) = preSolution
		HideSolutionNode = FALSE
	EndGlobalSection
	GlobalSection(ExtensibilityGlobals) = postSolution
		SolutionGuid = {94E9B71B-702B-4B55-9345-4C4DDD831520}
	EndGlobalSection
EndGlobal
